<Solution>
  <Project Path="../CarApp.Core/CarApp.Core.csproj" Id="05367930-6505-4b15-9771-61e4c630a989" />
  <Project Path="../CarApp.Wpf/CarApp.Wpf.csproj" Id="e950aded-07b7-429b-8882-38c6d6cb5b06" />
  <Project Path="../CarAppTests/CarAppTests.csproj" Id="68ad204b-f140-4269-bc2f-1be78b4df5fb" />
  <Project Path="../WpfApp1/WpfApp1.csproj" Id="442fc436-f0fa-4c20-86f3-22b39dfad9d7" />
  <Project Path="CarApp.ConsoleApp.csproj" />
</Solution>
